
Microsoft Visual Studio Solution File, Format Version 12.00
# Visual Studio 14
VisualStudioVersion = 14.0.25123.0
MinimumVisualStudioVersion = 10.0.40219.1
Project("{FAE04EC0-301F-11D3-BF4B-00C04F79EFBC}") = "comp2007-week6-lesson6C", "comp2007-week6-lesson6C\comp2007-week6-lesson6C.csproj", "{C4C9754F-16F2-4524-974D-79404088F728}"
EndProject
Global
	GlobalSection(SolutionConfigurationPlatforms) = preSolution
		Debug|Any CPU = Debug|Any CPU
		Release|Any CPU = Release|Any CPU
	EndGlobalSection
	GlobalSection(ProjectConfigurationPlatforms) = postSolution
		{C4C9754F-16F2-4524-974D-79404088F728}.Debug|Any CPU.ActiveCfg = Debug|Any CPU
		{C4C9754F-16F2-4524-974D-79404088F728}.Debug|Any CPU.Build.0 = Debug|Any CPU
		{C4C9754F-16F2-4524-974D-79404088F728}.Release|Any CPU.ActiveCfg = Release|Any CPU
		{C4C9754F-16F2-4524-974D-79404088F728}.Release|Any CPU.Build.0 = Release|Any CPU
	EndGlobalSection
	GlobalSection(SolutionProperties) = preSolution
		HideSolutionNode = FALSE
	EndGlobalSection
EndGlobal
